
Microsoft Visual Studio Solution File, Format Version 12.00
Project("{FAE04EC0-301F-11D3-BF4B-00C04F79EFBC}") = "TCTOS.Console", "TCTOS.Console\TCTOS.Console.csproj", "{BC02A966-2DAA-4C25-B6A2-772EA4DB15E3}"
EndProject
Project("{FAE04EC0-301F-11D3-BF4B-00C04F79EFBC}") = "TCTOS.Abstractions", "TCTOS.Abstractions\TCTOS.Abstractions.csproj", "{97A7E84B-C5D8-4AAA-A495-41A9C14AEEB0}"
EndProject
Project("{FAE04EC0-301F-11D3-BF4B-00C04F79EFBC}") = "TCTOS.Common", "TCTOS.Common\TCTOS.Common.csproj", "{32283095-B6CD-4616-9898-DEF954396888}"
EndProject
Project("{FAE04EC0-301F-11D3-BF4B-00C04F79EFBC}") = "TCTOS.Features.Abstractions", "TCTOS.Features.Abstractions\TCTOS.Features.Abstractions.csproj", "{DE5E9741-1043-4726-A9AD-F7901336AE8E}"
EndProject
Project("{FAE04EC0-301F-11D3-BF4B-00C04F79EFBC}") = "TCTOS.Features.X11", "TCTOS.Features.X11\TCTOS.Features.X11.csproj", "{908B1804-B5C3-4C2C-B0BB-46A06280B60E}"
EndProject
Project("{FAE04EC0-301F-11D3-BF4B-00C04F79EFBC}") = "TCTOS.Features.Wayland", "TCTOS.Features.Wayland\TCTOS.Features.Wayland.csproj", "{BF5205D7-2AEB-43B9-B9C8-2C9ADE64A86B}"
EndProject
Project("{FAE04EC0-301F-11D3-BF4B-00C04F79EFBC}") = "TCTOS.Features.Gpu", "TCTOS.Features.Gpu\TCTOS.Features.Gpu.csproj", "{25DEE40C-655C-4EDB-ADF1-F08489EC94FE}"
EndProject
Project("{FAE04EC0-301F-11D3-BF4B-00C04F79EFBC}") = "TCTOS.Features.Pulseaudio", "TCTOS.Features.Pulseaudio\TCTOS.Features.Pulseaudio.csproj", "{CE27AFB8-AE73-4081-920C-7E0B3C392CE6}"
EndProject
Project("{FAE04EC0-301F-11D3-BF4B-00C04F79EFBC}") = "TCTOS.Features.Pipewire", "TCTOS.Features.Pipewire\TCTOS.Features.Pipewire.csproj", "{6924BB24-0ED4-4150-918E-E495CA1D097D}"
EndProject
Project("{FAE04EC0-301F-11D3-BF4B-00C04F79EFBC}") = "TCTOS.Impls.Local", "TCTOS.Impls.Local\TCTOS.Impls.Local.csproj", "{57E3B104-52E8-431D-A68A-AD4C6846ACF6}"
EndProject
Project("{FAE04EC0-301F-11D3-BF4B-00C04F79EFBC}") = "TCTOS.Operations", "TCTOS.Operations\TCTOS.Operations.csproj", "{841AAD47-9F98-4A1F-9559-A752A8F35723}"
EndProject
Project("{FAE04EC0-301F-11D3-BF4B-00C04F79EFBC}") = "TCTOS.Components.Shutdown", "TCTOS.Components.Shutdown\TCTOS.Components.Shutdown.csproj", "{6F8925FB-3C53-4D2E-804D-A75D69A001A8}"
EndProject
Global
	GlobalSection(SolutionConfigurationPlatforms) = preSolution
		Debug|Any CPU = Debug|Any CPU
		Release|Any CPU = Release|Any CPU
	EndGlobalSection
	GlobalSection(ProjectConfigurationPlatforms) = postSolution
		{BC02A966-2DAA-4C25-B6A2-772EA4DB15E3}.Debug|Any CPU.ActiveCfg = Debug|Any CPU
		{BC02A966-2DAA-4C25-B6A2-772EA4DB15E3}.Debug|Any CPU.Build.0 = Debug|Any CPU
		{BC02A966-2DAA-4C25-B6A2-772EA4DB15E3}.Release|Any CPU.ActiveCfg = Release|Any CPU
		{BC02A966-2DAA-4C25-B6A2-772EA4DB15E3}.Release|Any CPU.Build.0 = Release|Any CPU
		{97A7E84B-C5D8-4AAA-A495-41A9C14AEEB0}.Debug|Any CPU.ActiveCfg = Debug|Any CPU
		{97A7E84B-C5D8-4AAA-A495-41A9C14AEEB0}.Debug|Any CPU.Build.0 = Debug|Any CPU
		{97A7E84B-C5D8-4AAA-A495-41A9C14AEEB0}.Release|Any CPU.ActiveCfg = Release|Any CPU
		{97A7E84B-C5D8-4AAA-A495-41A9C14AEEB0}.Release|Any CPU.Build.0 = Release|Any CPU
		{32283095-B6CD-4616-9898-DEF954396888}.Debug|Any CPU.ActiveCfg = Debug|Any CPU
		{32283095-B6CD-4616-9898-DEF954396888}.Debug|Any CPU.Build.0 = Debug|Any CPU
		{32283095-B6CD-4616-9898-DEF954396888}.Release|Any CPU.ActiveCfg = Release|Any CPU
		{32283095-B6CD-4616-9898-DEF954396888}.Release|Any CPU.Build.0 = Release|Any CPU
		{DE5E9741-1043-4726-A9AD-F7901336AE8E}.Debug|Any CPU.ActiveCfg = Debug|Any CPU
		{DE5E9741-1043-4726-A9AD-F7901336AE8E}.Debug|Any CPU.Build.0 = Debug|Any CPU
		{DE5E9741-1043-4726-A9AD-F7901336AE8E}.Release|Any CPU.ActiveCfg = Release|Any CPU
		{DE5E9741-1043-4726-A9AD-F7901336AE8E}.Release|Any CPU.Build.0 = Release|Any CPU
		{908B1804-B5C3-4C2C-B0BB-46A06280B60E}.Debug|Any CPU.ActiveCfg = Debug|Any CPU
		{908B1804-B5C3-4C2C-B0BB-46A06280B60E}.Debug|Any CPU.Build.0 = Debug|Any CPU
		{908B1804-B5C3-4C2C-B0BB-46A06280B60E}.Release|Any CPU.ActiveCfg = Release|Any CPU
		{908B1804-B5C3-4C2C-B0BB-46A06280B60E}.Release|Any CPU.Build.0 = Release|Any CPU
		{BF5205D7-2AEB-43B9-B9C8-2C9ADE64A86B}.Debug|Any CPU.ActiveCfg = Debug|Any CPU
		{BF5205D7-2AEB-43B9-B9C8-2C9ADE64A86B}.Debug|Any CPU.Build.0 = Debug|Any CPU
		{BF5205D7-2AEB-43B9-B9C8-2C9ADE64A86B}.Release|Any CPU.ActiveCfg = Release|Any CPU
		{BF5205D7-2AEB-43B9-B9C8-2C9ADE64A86B}.Release|Any CPU.Build.0 = Release|Any CPU
		{25DEE40C-655C-4EDB-ADF1-F08489EC94FE}.Debug|Any CPU.ActiveCfg = Debug|Any CPU
		{25DEE40C-655C-4EDB-ADF1-F08489EC94FE}.Debug|Any CPU.Build.0 = Debug|Any CPU
		{25DEE40C-655C-4EDB-ADF1-F08489EC94FE}.Release|Any CPU.ActiveCfg = Release|Any CPU
		{25DEE40C-655C-4EDB-ADF1-F08489EC94FE}.Release|Any CPU.Build.0 = Release|Any CPU
		{CE27AFB8-AE73-4081-920C-7E0B3C392CE6}.Debug|Any CPU.ActiveCfg = Debug|Any CPU
		{CE27AFB8-AE73-4081-920C-7E0B3C392CE6}.Debug|Any CPU.Build.0 = Debug|Any CPU
		{CE27AFB8-AE73-4081-920C-7E0B3C392CE6}.Release|Any CPU.ActiveCfg = Release|Any CPU
		{CE27AFB8-AE73-4081-920C-7E0B3C392CE6}.Release|Any CPU.Build.0 = Release|Any CPU
		{6924BB24-0ED4-4150-918E-E495CA1D097D}.Debug|Any CPU.ActiveCfg = Debug|Any CPU
		{6924BB24-0ED4-4150-918E-E495CA1D097D}.Debug|Any CPU.Build.0 = Debug|Any CPU
		{6924BB24-0ED4-4150-918E-E495CA1D097D}.Release|Any CPU.ActiveCfg = Release|Any CPU
		{6924BB24-0ED4-4150-918E-E495CA1D097D}.Release|Any CPU.Build.0 = Release|Any CPU
		{57E3B104-52E8-431D-A68A-AD4C6846ACF6}.Debug|Any CPU.ActiveCfg = Debug|Any CPU
		{57E3B104-52E8-431D-A68A-AD4C6846ACF6}.Debug|Any CPU.Build.0 = Debug|Any CPU
		{57E3B104-52E8-431D-A68A-AD4C6846ACF6}.Release|Any CPU.ActiveCfg = Release|Any CPU
		{57E3B104-52E8-431D-A68A-AD4C6846ACF6}.Release|Any CPU.Build.0 = Release|Any CPU
		{841AAD47-9F98-4A1F-9559-A752A8F35723}.Debug|Any CPU.ActiveCfg = Debug|Any CPU
		{841AAD47-9F98-4A1F-9559-A752A8F35723}.Debug|Any CPU.Build.0 = Debug|Any CPU
		{841AAD47-9F98-4A1F-9559-A752A8F35723}.Release|Any CPU.ActiveCfg = Release|Any CPU
		{841AAD47-9F98-4A1F-9559-A752A8F35723}.Release|Any CPU.Build.0 = Release|Any CPU
		{6F8925FB-3C53-4D2E-804D-A75D69A001A8}.Debug|Any CPU.ActiveCfg = Debug|Any CPU
		{6F8925FB-3C53-4D2E-804D-A75D69A001A8}.Debug|Any CPU.Build.0 = Debug|Any CPU
		{6F8925FB-3C53-4D2E-804D-A75D69A001A8}.Release|Any CPU.ActiveCfg = Release|Any CPU
		{6F8925FB-3C53-4D2E-804D-A75D69A001A8}.Release|Any CPU.Build.0 = Release|Any CPU
	EndGlobalSection
EndGlobal
