
Microsoft Visual Studio Solution File, Format Version 12.00
Project("{FAE04EC0-301F-11D3-BF4B-00C04F79EFBC}") = "TCTOS", "TCTOS\TCTOS.csproj", "{BC02A966-2DAA-4C25-B6A2-772EA4DB15E3}"
EndProject
Global
	GlobalSection(SolutionConfigurationPlatforms) = preSolution
		Debug|Any CPU = Debug|Any CPU
		Release|Any CPU = Release|Any CPU
	EndGlobalSection
	GlobalSection(ProjectConfigurationPlatforms) = postSolution
		{BC02A966-2DAA-4C25-B6A2-772EA4DB15E3}.Debug|Any CPU.ActiveCfg = Debug|Any CPU
		{BC02A966-2DAA-4C25-B6A2-772EA4DB15E3}.Debug|Any CPU.Build.0 = Debug|Any CPU
		{BC02A966-2DAA-4C25-B6A2-772EA4DB15E3}.Release|Any CPU.ActiveCfg = Release|Any CPU
		{BC02A966-2DAA-4C25-B6A2-772EA4DB15E3}.Release|Any CPU.Build.0 = Release|Any CPU
	EndGlobalSection
EndGlobal
